// !$*UTF8*$!
{
	archiveVersion = 1;
	classes = {
	};
	objectVersion = 50;
	objects = {

/* Begin PBXBuildFile section */
		C1404D2C24341C0700DBE6A1 /* AppError.swift in Sources */ = {isa = PBXBuildFile; fileRef = C1404D2B24341C0700DBE6A1 /* AppError.swift */; };
		C170A23E2474C17F00891A03 /* MapperAble.swift in Sources */ = {isa = PBXBuildFile; fileRef = C170A23D2474C17F00891A03 /* MapperAble.swift */; };
		C178C95C24872CDA00178031 /* ResponseErrorAble.swift in Sources */ = {isa = PBXBuildFile; fileRef = C178C95B24872CDA00178031 /* ResponseErrorAble.swift */; };
		C191689B244AC48600D6C443 /* ValueObject.swift in Sources */ = {isa = PBXBuildFile; fileRef = C191689A244AC48600D6C443 /* ValueObject.swift */; };
		C1A8D9D1242EF30000B95C17 /* Guard.swift in Sources */ = {isa = PBXBuildFile; fileRef = C1A8D9D0242EF30000B95C17 /* Guard.swift */; };
		C1A8D9D3242EF30B00B95C17 /* ResultOption.swift in Sources */ = {isa = PBXBuildFile; fileRef = C1A8D9D2242EF30B00B95C17 /* ResultOption.swift */; };
		C1AE1731242B0D8F00ED1EE4 /* Core.h in Headers */ = {isa = PBXBuildFile; fileRef = C1AE172F242B0D8F00ED1EE4 /* Core.h */; settings = {ATTRIBUTES = (Public, ); }; };
		C1AF0B19244E366000E07391 /* Date.swift in Sources */ = {isa = PBXBuildFile; fileRef = C1AF0B18244E366000E07391 /* Date.swift */; };
		C1AF0B27244E727C00E07391 /* Results.swift in Sources */ = {isa = PBXBuildFile; fileRef = C1AF0B26244E727C00E07391 /* Results.swift */; };
		C1AF0B67245EFF0000E07391 /* RequestDataAble.swift in Sources */ = {isa = PBXBuildFile; fileRef = C1AF0B66245EFF0000E07391 /* RequestDataAble.swift */; };
		C1AF0B6A245F0BB300E07391 /* UseCaseAble.swift in Sources */ = {isa = PBXBuildFile; fileRef = C1AF0B69245F0BB300E07391 /* UseCaseAble.swift */; };
		C1AF0B6C245F8E0000E07391 /* ResponseDataAble.swift in Sources */ = {isa = PBXBuildFile; fileRef = C1AF0B6B245F8E0000E07391 /* ResponseDataAble.swift */; };
		C1AF0CAF2468950100E07391 /* AggregateRoot.swift in Sources */ = {isa = PBXBuildFile; fileRef = C1AF0CAE2468950100E07391 /* AggregateRoot.swift */; };
		C1AF0E30246CE91A00E07391 /* CompanyDataAble.swift in Sources */ = {isa = PBXBuildFile; fileRef = C1AF0E2F246CE91A00E07391 /* CompanyDataAble.swift */; };
		C1DAD29D2438119000F2A951 /* IGenericRepository.swift in Sources */ = {isa = PBXBuildFile; fileRef = C1DAD29C2438119000F2A951 /* IGenericRepository.swift */; };
		C1DAD2C92438C2D200F2A951 /* Entity.swift in Sources */ = {isa = PBXBuildFile; fileRef = C1DAD2C82438C2D200F2A951 /* Entity.swift */; };
		C1FCEAAC242C5AA300E36DEB /* Foundation.framework in Frameworks */ = {isa = PBXBuildFile; fileRef = C1FCEAAB242C5AA300E36DEB /* Foundation.framework */; };
		C1FCEAB3242C601100E36DEB /* Guid.swift in Sources */ = {isa = PBXBuildFile; fileRef = C1FCEAB2242C601100E36DEB /* Guid.swift */; };
/* End PBXBuildFile section */

/* Begin PBXFileReference section */
		C1404D2B24341C0700DBE6A1 /* AppError.swift */ = {isa = PBXFileReference; lastKnownFileType = sourcecode.swift; path = AppError.swift; sourceTree = "<group>"; };
		C170A23D2474C17F00891A03 /* MapperAble.swift */ = {isa = PBXFileReference; lastKnownFileType = sourcecode.swift; path = MapperAble.swift; sourceTree = "<group>"; };
		C178C95B24872CDA00178031 /* ResponseErrorAble.swift */ = {isa = PBXFileReference; lastKnownFileType = sourcecode.swift; path = ResponseErrorAble.swift; sourceTree = "<group>"; };
		C191689A244AC48600D6C443 /* ValueObject.swift */ = {isa = PBXFileReference; lastKnownFileType = sourcecode.swift; path = ValueObject.swift; sourceTree = "<group>"; };
		C1A8D9D0242EF30000B95C17 /* Guard.swift */ = {isa = PBXFileReference; lastKnownFileType = sourcecode.swift; path = Guard.swift; sourceTree = "<group>"; };
		C1A8D9D2242EF30B00B95C17 /* ResultOption.swift */ = {isa = PBXFileReference; lastKnownFileType = sourcecode.swift; path = ResultOption.swift; sourceTree = "<group>"; };
		C1AE172C242B0D8F00ED1EE4 /* Core.framework */ = {isa = PBXFileReference; explicitFileType = wrapper.framework; includeInIndex = 0; path = Core.framework; sourceTree = BUILT_PRODUCTS_DIR; };
		C1AE172F242B0D8F00ED1EE4 /* Core.h */ = {isa = PBXFileReference; lastKnownFileType = sourcecode.c.h; path = Core.h; sourceTree = "<group>"; };
		C1AE1730242B0D8F00ED1EE4 /* Info.plist */ = {isa = PBXFileReference; lastKnownFileType = text.plist.xml; path = Info.plist; sourceTree = "<group>"; };
		C1AF0B18244E366000E07391 /* Date.swift */ = {isa = PBXFileReference; lastKnownFileType = sourcecode.swift; path = Date.swift; sourceTree = "<group>"; };
		C1AF0B26244E727C00E07391 /* Results.swift */ = {isa = PBXFileReference; lastKnownFileType = sourcecode.swift; path = Results.swift; sourceTree = "<group>"; };
		C1AF0B66245EFF0000E07391 /* RequestDataAble.swift */ = {isa = PBXFileReference; lastKnownFileType = sourcecode.swift; path = RequestDataAble.swift; sourceTree = "<group>"; };
		C1AF0B69245F0BB300E07391 /* UseCaseAble.swift */ = {isa = PBXFileReference; lastKnownFileType = sourcecode.swift; path = UseCaseAble.swift; sourceTree = "<group>"; };
		C1AF0B6B245F8E0000E07391 /* ResponseDataAble.swift */ = {isa = PBXFileReference; lastKnownFileType = sourcecode.swift; path = ResponseDataAble.swift; sourceTree = "<group>"; };
		C1AF0CAE2468950100E07391 /* AggregateRoot.swift */ = {isa = PBXFileReference; lastKnownFileType = sourcecode.swift; path = AggregateRoot.swift; sourceTree = "<group>"; };
		C1AF0E2F246CE91A00E07391 /* CompanyDataAble.swift */ = {isa = PBXFileReference; lastKnownFileType = sourcecode.swift; path = CompanyDataAble.swift; sourceTree = "<group>"; };
		C1DAD29C2438119000F2A951 /* IGenericRepository.swift */ = {isa = PBXFileReference; lastKnownFileType = sourcecode.swift; path = IGenericRepository.swift; sourceTree = "<group>"; };
		C1DAD2C82438C2D200F2A951 /* Entity.swift */ = {isa = PBXFileReference; lastKnownFileType = sourcecode.swift; path = Entity.swift; sourceTree = "<group>"; };
		C1FCEAAB242C5AA300E36DEB /* Foundation.framework */ = {isa = PBXFileReference; lastKnownFileType = wrapper.framework; name = Foundation.framework; path = Platforms/MacOSX.platform/Developer/SDKs/MacOSX10.15.sdk/System/Library/Frameworks/Foundation.framework; sourceTree = DEVELOPER_DIR; };
		C1FCEAB2242C601100E36DEB /* Guid.swift */ = {isa = PBXFileReference; lastKnownFileType = sourcecode.swift; path = Guid.swift; sourceTree = "<group>"; };
/* End PBXFileReference section */

/* Begin PBXFrameworksBuildPhase section */
		C1AE1729242B0D8F00ED1EE4 /* Frameworks */ = {
			isa = PBXFrameworksBuildPhase;
			buildActionMask = 2147483647;
			files = (
				C1FCEAAC242C5AA300E36DEB /* Foundation.framework in Frameworks */,
			);
			runOnlyForDeploymentPostprocessing = 0;
		};
/* End PBXFrameworksBuildPhase section */

/* Begin PBXGroup section */
		C170A23C2474C16D00891A03 /* mapper */ = {
			isa = PBXGroup;
			children = (
				C170A23D2474C17F00891A03 /* MapperAble.swift */,
			);
			name = mapper;
			sourceTree = "<group>";
		};
		C183EC10242C1CB800785111 /* domain */ = {
			isa = PBXGroup;
			children = (
				C1DAD2C02438475800F2A951 /* event */,
				C1DAD29B2438117500F2A951 /* repository */,
				C183EC14242C1CE200785111 /* value_object */,
				C183EC11242C1CC900785111 /* entity */,
			);
			name = domain;
			sourceTree = "<group>";
		};
		C183EC11242C1CC900785111 /* entity */ = {
			isa = PBXGroup;
			children = (
				C1FCEAB2242C601100E36DEB /* Guid.swift */,
				C1DAD2C82438C2D200F2A951 /* Entity.swift */,
				C1AF0CAE2468950100E07391 /* AggregateRoot.swift */,
			);
			name = entity;
			sourceTree = "<group>";
		};
		C183EC14242C1CE200785111 /* value_object */ = {
			isa = PBXGroup;
			children = (
				C191689A244AC48600D6C443 /* ValueObject.swift */,
				C1AF0B18244E366000E07391 /* Date.swift */,
			);
			name = value_object;
			sourceTree = "<group>";
		};
		C183EC17242C1DA600785111 /* Shared */ = {
			isa = PBXGroup;
			children = (
				C1AF0B64245EFEE200E07391 /* application */,
				C1A8D9CF242EF2E900B95C17 /* Error */,
				C183EC10242C1CB800785111 /* domain */,
			);
			name = Shared;
			path = ..;
			sourceTree = "<group>";
		};
		C1A8D9CF242EF2E900B95C17 /* Error */ = {
			isa = PBXGroup;
			children = (
				C1A8D9D0242EF30000B95C17 /* Guard.swift */,
				C1A8D9D2242EF30B00B95C17 /* ResultOption.swift */,
				C1404D2B24341C0700DBE6A1 /* AppError.swift */,
				C1AF0B26244E727C00E07391 /* Results.swift */,
			);
			name = Error;
			sourceTree = "<group>";
		};
		C1AE1722242B0D8F00ED1EE4 = {
			isa = PBXGroup;
			children = (
				C1AE172E242B0D8F00ED1EE4 /* Core */,
				C1AE172D242B0D8F00ED1EE4 /* Products */,
				C1FCEAAA242C5AA200E36DEB /* Frameworks */,
			);
			sourceTree = "<group>";
		};
		C1AE172D242B0D8F00ED1EE4 /* Products */ = {
			isa = PBXGroup;
			children = (
				C1AE172C242B0D8F00ED1EE4 /* Core.framework */,
			);
			name = Products;
			sourceTree = "<group>";
		};
		C1AE172E242B0D8F00ED1EE4 /* Core */ = {
			isa = PBXGroup;
			children = (
				C183EC17242C1DA600785111 /* Shared */,
				C1AE172F242B0D8F00ED1EE4 /* Core.h */,
				C1AE1730242B0D8F00ED1EE4 /* Info.plist */,
			);
			path = Core;
			sourceTree = "<group>";
		};
		C1AF0B64245EFEE200E07391 /* application */ = {
			isa = PBXGroup;
			children = (
				C170A23C2474C16D00891A03 /* mapper */,
				C1AF0B68245F0BA600E07391 /* useCase */,
				C1AF0B65245EFEE900E07391 /* dto */,
			);
			name = application;
			sourceTree = "<group>";
		};
		C1AF0B65245EFEE900E07391 /* dto */ = {
			isa = PBXGroup;
			children = (
				C1AF0B66245EFF0000E07391 /* RequestDataAble.swift */,
				C1AF0B6B245F8E0000E07391 /* ResponseDataAble.swift */,
				C1AF0E2F246CE91A00E07391 /* CompanyDataAble.swift */,
				C178C95B24872CDA00178031 /* ResponseErrorAble.swift */,
			);
			name = dto;
			sourceTree = "<group>";
		};
		C1AF0B68245F0BA600E07391 /* useCase */ = {
			isa = PBXGroup;
			children = (
				C1AF0B69245F0BB300E07391 /* UseCaseAble.swift */,
			);
			name = useCase;
			sourceTree = "<group>";
		};
		C1DAD29B2438117500F2A951 /* repository */ = {
			isa = PBXGroup;
			children = (
				C1DAD29C2438119000F2A951 /* IGenericRepository.swift */,
			);
			name = repository;
			sourceTree = "<group>";
		};
		C1DAD2C02438475800F2A951 /* event */ = {
			isa = PBXGroup;
			children = (
			);
			name = event;
			sourceTree = "<group>";
		};
		C1FCEAAA242C5AA200E36DEB /* Frameworks */ = {
			isa = PBXGroup;
			children = (
				C1FCEAAB242C5AA300E36DEB /* Foundation.framework */,
			);
			name = Frameworks;
			sourceTree = "<group>";
		};
/* End PBXGroup section */

/* Begin PBXHeadersBuildPhase section */
		C1AE1727242B0D8F00ED1EE4 /* Headers */ = {
			isa = PBXHeadersBuildPhase;
			buildActionMask = 2147483647;
			files = (
				C1AE1731242B0D8F00ED1EE4 /* Core.h in Headers */,
			);
			runOnlyForDeploymentPostprocessing = 0;
		};
/* End PBXHeadersBuildPhase section */

/* Begin PBXNativeTarget section */
		C1AE172B242B0D8F00ED1EE4 /* Core */ = {
			isa = PBXNativeTarget;
			buildConfigurationList = C1AE1734242B0D8F00ED1EE4 /* Build configuration list for PBXNativeTarget "Core" */;
			buildPhases = (
				C1AE1727242B0D8F00ED1EE4 /* Headers */,
				C1AE1728242B0D8F00ED1EE4 /* Sources */,
				C1AE1729242B0D8F00ED1EE4 /* Frameworks */,
				C1AE172A242B0D8F00ED1EE4 /* Resources */,
			);
			buildRules = (
			);
			dependencies = (
			);
			name = Core;
			productName = Core;
			productReference = C1AE172C242B0D8F00ED1EE4 /* Core.framework */;
			productType = "com.apple.product-type.framework";
		};
/* End PBXNativeTarget section */

/* Begin PBXProject section */
		C1AE1723242B0D8F00ED1EE4 /* Project object */ = {
			isa = PBXProject;
			attributes = {
				LastUpgradeCheck = 1130;
				ORGANIZATIONNAME = "Paul Ikhane";
				TargetAttributes = {
					C1AE172B242B0D8F00ED1EE4 = {
						CreatedOnToolsVersion = 11.3.1;
						LastSwiftMigration = 1130;
					};
				};
			};
			buildConfigurationList = C1AE1726242B0D8F00ED1EE4 /* Build configuration list for PBXProject "Core" */;
			compatibilityVersion = "Xcode 9.3";
			developmentRegion = en;
			hasScannedForEncodings = 0;
			knownRegions = (
				en,
				Base,
			);
			mainGroup = C1AE1722242B0D8F00ED1EE4;
			productRefGroup = C1AE172D242B0D8F00ED1EE4 /* Products */;
			projectDirPath = "";
			projectRoot = "";
			targets = (
				C1AE172B242B0D8F00ED1EE4 /* Core */,
			);
		};
/* End PBXProject section */

/* Begin PBXResourcesBuildPhase section */
		C1AE172A242B0D8F00ED1EE4 /* Resources */ = {
			isa = PBXResourcesBuildPhase;
			buildActionMask = 2147483647;
			files = (
			);
			runOnlyForDeploymentPostprocessing = 0;
		};
/* End PBXResourcesBuildPhase section */

/* Begin PBXSourcesBuildPhase section */
		C1AE1728242B0D8F00ED1EE4 /* Sources */ = {
			isa = PBXSourcesBuildPhase;
			buildActionMask = 2147483647;
			files = (
				C191689B244AC48600D6C443 /* ValueObject.swift in Sources */,
				C1FCEAB3242C601100E36DEB /* Guid.swift in Sources */,
				C1DAD2C92438C2D200F2A951 /* Entity.swift in Sources */,
				C1AF0B27244E727C00E07391 /* Results.swift in Sources */,
				C1A8D9D3242EF30B00B95C17 /* ResultOption.swift in Sources */,
				C1DAD29D2438119000F2A951 /* IGenericRepository.swift in Sources */,
				C1404D2C24341C0700DBE6A1 /* AppError.swift in Sources */,
				C1AF0B19244E366000E07391 /* Date.swift in Sources */,
				C1AF0CAF2468950100E07391 /* AggregateRoot.swift in Sources */,
				C1AF0B6A245F0BB300E07391 /* UseCaseAble.swift in Sources */,
				C1AF0B6C245F8E0000E07391 /* ResponseDataAble.swift in Sources */,
				C1AF0E30246CE91A00E07391 /* CompanyDataAble.swift in Sources */,
				C1A8D9D1242EF30000B95C17 /* Guard.swift in Sources */,
				C1AF0B67245EFF0000E07391 /* RequestDataAble.swift in Sources */,
				C170A23E2474C17F00891A03 /* MapperAble.swift in Sources */,
				C178C95C24872CDA00178031 /* ResponseErrorAble.swift in Sources */,
			);
			runOnlyForDeploymentPostprocessing = 0;
		};
/* End PBXSourcesBuildPhase section */

/* Begin XCBuildConfiguration section */
		C1AE1732242B0D8F00ED1EE4 /* Debug */ = {
			isa = XCBuildConfiguration;
			buildSettings = {
				ALWAYS_SEARCH_USER_PATHS = NO;
				CLANG_ANALYZER_NONNULL = YES;
				CLANG_ANALYZER_NUMBER_OBJECT_CONVERSION = YES_AGGRESSIVE;
				CLANG_CXX_LANGUAGE_STANDARD = "gnu++14";
				CLANG_CXX_LIBRARY = "libc++";
				CLANG_ENABLE_MODULES = YES;
				CLANG_ENABLE_OBJC_ARC = YES;
				CLANG_ENABLE_OBJC_WEAK = YES;
				CLANG_WARN_BLOCK_CAPTURE_AUTORELEASING = YES;
				CLANG_WARN_BOOL_CONVERSION = YES;
				CLANG_WARN_COMMA = YES;
				CLANG_WARN_CONSTANT_CONVERSION = YES;
				CLANG_WARN_DEPRECATED_OBJC_IMPLEMENTATIONS = YES;
				CLANG_WARN_DIRECT_OBJC_ISA_USAGE = YES_ERROR;
				CLANG_WARN_DOCUMENTATION_COMMENTS = YES;
				CLANG_WARN_EMPTY_BODY = YES;
				CLANG_WARN_ENUM_CONVERSION = YES;
				CLANG_WARN_INFINITE_RECURSION = YES;
				CLANG_WARN_INT_CONVERSION = YES;
				CLANG_WARN_NON_LITERAL_NULL_CONVERSION = YES;
				CLANG_WARN_OBJC_IMPLICIT_RETAIN_SELF = YES;
				CLANG_WARN_OBJC_LITERAL_CONVERSION = YES;
				CLANG_WARN_OBJC_ROOT_CLASS = YES_ERROR;
				CLANG_WARN_RANGE_LOOP_ANALYSIS = YES;
				CLANG_WARN_STRICT_PROTOTYPES = YES;
				CLANG_WARN_SUSPICIOUS_MOVE = YES;
				CLANG_WARN_UNGUARDED_AVAILABILITY = YES_AGGRESSIVE;
				CLANG_WARN_UNREACHABLE_CODE = YES;
				CLANG_WARN__DUPLICATE_METHOD_MATCH = YES;
				COPY_PHASE_STRIP = NO;
				CURRENT_PROJECT_VERSION = 1;
				DEBUG_INFORMATION_FORMAT = dwarf;
				ENABLE_STRICT_OBJC_MSGSEND = YES;
				ENABLE_TESTABILITY = YES;
				GCC_C_LANGUAGE_STANDARD = gnu11;
				GCC_DYNAMIC_NO_PIC = NO;
				GCC_NO_COMMON_BLOCKS = YES;
				GCC_OPTIMIZATION_LEVEL = 0;
				GCC_PREPROCESSOR_DEFINITIONS = (
					"DEBUG=1",
					"$(inherited)",
				);
				GCC_WARN_64_TO_32_BIT_CONVERSION = YES;
				GCC_WARN_ABOUT_RETURN_TYPE = YES_ERROR;
				GCC_WARN_UNDECLARED_SELECTOR = YES;
				GCC_WARN_UNINITIALIZED_AUTOS = YES_AGGRESSIVE;
				GCC_WARN_UNUSED_FUNCTION = YES;
				GCC_WARN_UNUSED_VARIABLE = YES;
				IPHONEOS_DEPLOYMENT_TARGET = 13.2;
				MTL_ENABLE_DEBUG_INFO = INCLUDE_SOURCE;
				MTL_FAST_MATH = YES;
				ONLY_ACTIVE_ARCH = YES;
				SDKROOT = iphoneos;
				SWIFT_ACTIVE_COMPILATION_CONDITIONS = DEBUG;
				SWIFT_OPTIMIZATION_LEVEL = "-Onone";
				VERSIONING_SYSTEM = "apple-generic";
				VERSION_INFO_PREFIX = "";
			};
			name = Debug;
		};
		C1AE1733242B0D8F00ED1EE4 /* Release */ = {
			isa = XCBuildConfiguration;
			buildSettings = {
				ALWAYS_SEARCH_USER_PATHS = NO;
				CLANG_ANALYZER_NONNULL = YES;
				CLANG_ANALYZER_NUMBER_OBJECT_CONVERSION = YES_AGGRESSIVE;
				CLANG_CXX_LANGUAGE_STANDARD = "gnu++14";
				CLANG_CXX_LIBRARY = "libc++";
				CLANG_ENABLE_MODULES = YES;
				CLANG_ENABLE_OBJC_ARC = YES;
				CLANG_ENABLE_OBJC_WEAK = YES;
				CLANG_WARN_BLOCK_CAPTURE_AUTORELEASING = YES;
				CLANG_WARN_BOOL_CONVERSION = YES;
				CLANG_WARN_COMMA = YES;
				CLANG_WARN_CONSTANT_CONVERSION = YES;
				CLANG_WARN_DEPRECATED_OBJC_IMPLEMENTATIONS = YES;
				CLANG_WARN_DIRECT_OBJC_ISA_USAGE = YES_ERROR;
				CLANG_WARN_DOCUMENTATION_COMMENTS = YES;
				CLANG_WARN_EMPTY_BODY = YES;
				CLANG_WARN_ENUM_CONVERSION = YES;
				CLANG_WARN_INFINITE_RECURSION = YES;
				CLANG_WARN_INT_CONVERSION = YES;
				CLANG_WARN_NON_LITERAL_NULL_CONVERSION = YES;
				CLANG_WARN_OBJC_IMPLICIT_RETAIN_SELF = YES;
				CLANG_WARN_OBJC_LITERAL_CONVERSION = YES;
				CLANG_WARN_OBJC_ROOT_CLASS = YES_ERROR;
				CLANG_WARN_RANGE_LOOP_ANALYSIS = YES;
				CLANG_WARN_STRICT_PROTOTYPES = YES;
				CLANG_WARN_SUSPICIOUS_MOVE = YES;
				CLANG_WARN_UNGUARDED_AVAILABILITY = YES_AGGRESSIVE;
				CLANG_WARN_UNREACHABLE_CODE = YES;
				CLANG_WARN__DUPLICATE_METHOD_MATCH = YES;
				COPY_PHASE_STRIP = NO;
				CURRENT_PROJECT_VERSION = 1;
				DEBUG_INFORMATION_FORMAT = "dwarf-with-dsym";
				ENABLE_NS_ASSERTIONS = NO;
				ENABLE_STRICT_OBJC_MSGSEND = YES;
				GCC_C_LANGUAGE_STANDARD = gnu11;
				GCC_NO_COMMON_BLOCKS = YES;
				GCC_WARN_64_TO_32_BIT_CONVERSION = YES;
				GCC_WARN_ABOUT_RETURN_TYPE = YES_ERROR;
				GCC_WARN_UNDECLARED_SELECTOR = YES;
				GCC_WARN_UNINITIALIZED_AUTOS = YES_AGGRESSIVE;
				GCC_WARN_UNUSED_FUNCTION = YES;
				GCC_WARN_UNUSED_VARIABLE = YES;
				IPHONEOS_DEPLOYMENT_TARGET = 13.2;
				MTL_ENABLE_DEBUG_INFO = NO;
				MTL_FAST_MATH = YES;
				SDKROOT = iphoneos;
				SWIFT_COMPILATION_MODE = wholemodule;
				SWIFT_OPTIMIZATION_LEVEL = "-O";
				VALIDATE_PRODUCT = YES;
				VERSIONING_SYSTEM = "apple-generic";
				VERSION_INFO_PREFIX = "";
			};
			name = Release;
		};
		C1AE1735242B0D8F00ED1EE4 /* Debug */ = {
			isa = XCBuildConfiguration;
			buildSettings = {
				CLANG_ENABLE_MODULES = YES;
				CODE_SIGN_STYLE = Automatic;
				DEFINES_MODULE = YES;
				DEVELOPMENT_TEAM = 2UELNN9BXQ;
				DYLIB_COMPATIBILITY_VERSION = 1;
				DYLIB_CURRENT_VERSION = 1;
				DYLIB_INSTALL_NAME_BASE = "@rpath";
				INFOPLIST_FILE = Core/Info.plist;
				INSTALL_PATH = "$(LOCAL_LIBRARY_DIR)/Frameworks";
				LD_RUNPATH_SEARCH_PATHS = (
					"$(inherited)",
					"@executable_path/Frameworks",
					"@loader_path/Frameworks",
				);
				PRODUCT_BUNDLE_IDENTIFIER = com.paulikhane.Core;
				PRODUCT_NAME = "$(TARGET_NAME:c99extidentifier)";
				SKIP_INSTALL = YES;
				SWIFT_OPTIMIZATION_LEVEL = "-Onone";
				SWIFT_VERSION = 5.0;
				TARGETED_DEVICE_FAMILY = "1,2";
			};
			name = Debug;
		};
		C1AE1736242B0D8F00ED1EE4 /* Release */ = {
			isa = XCBuildConfiguration;
			buildSettings = {
				CLANG_ENABLE_MODULES = YES;
				CODE_SIGN_STYLE = Automatic;
				DEFINES_MODULE = YES;
				DEVELOPMENT_TEAM = 2UELNN9BXQ;
				DYLIB_COMPATIBILITY_VERSION = 1;
				DYLIB_CURRENT_VERSION = 1;
				DYLIB_INSTALL_NAME_BASE = "@rpath";
				INFOPLIST_FILE = Core/Info.plist;
				INSTALL_PATH = "$(LOCAL_LIBRARY_DIR)/Frameworks";
				LD_RUNPATH_SEARCH_PATHS = (
					"$(inherited)",
					"@executable_path/Frameworks",
					"@loader_path/Frameworks",
				);
				PRODUCT_BUNDLE_IDENTIFIER = com.paulikhane.Core;
				PRODUCT_NAME = "$(TARGET_NAME:c99extidentifier)";
				SKIP_INSTALL = YES;
				SWIFT_VERSION = 5.0;
				TARGETED_DEVICE_FAMILY = "1,2";
			};
			name = Release;
		};
/* End XCBuildConfiguration section */

/* Begin XCConfigurationList section */
		C1AE1726242B0D8F00ED1EE4 /* Build configuration list for PBXProject "Core" */ = {
			isa = XCConfigurationList;
			buildConfigurations = (
				C1AE1732242B0D8F00ED1EE4 /* Debug */,
				C1AE1733242B0D8F00ED1EE4 /* Release */,
			);
			defaultConfigurationIsVisible = 0;
			defaultConfigurationName = Release;
		};
		C1AE1734242B0D8F00ED1EE4 /* Build configuration list for PBXNativeTarget "Core" */ = {
			isa = XCConfigurationList;
			buildConfigurations = (
				C1AE1735242B0D8F00ED1EE4 /* Debug */,
				C1AE1736242B0D8F00ED1EE4 /* Release */,
			);
			defaultConfigurationIsVisible = 0;
			defaultConfigurationName = Release;
		};
/* End XCConfigurationList section */
	};
	rootObject = C1AE1723242B0D8F00ED1EE4 /* Project object */;
}
